
Microsoft Visual Studio Solution File, Format Version 12.00
# Visual Studio 2013
VisualStudioVersion = 12.0.31101.0
MinimumVisualStudioVersion = 10.0.40219.1
Project("{FAE04EC0-301F-11D3-BF4B-00C04F79EFBC}") = "FLYNOBORDERS.SelfB2B.Web", "FLYNOBORDERS.SelfB2B.Web\FLYNOBORDERS.SelfB2B.Web.csproj", "{3320E55C-A9E1-4763-B874-A1FFDFF6AB54}"
EndProject
Project("{2150E333-8FDC-42A3-9474-1A3956D46DE8}") = "Web", "Web", "{3D2BB03D-CD6A-4EA4-A6BD-DC6893F5469B}"
EndProject
Project("{2150E333-8FDC-42A3-9474-1A3956D46DE8}") = "Repo", "Repo", "{204121F4-1EF5-4033-8B73-A6FB9283BC98}"
EndProject
Project("{2150E333-8FDC-42A3-9474-1A3956D46DE8}") = "Data", "Data", "{FD0B8F60-6E7A-4D9F-91DB-90398564052C}"
EndProject
Project("{2150E333-8FDC-42A3-9474-1A3956D46DE8}") = "Framework", "Framework", "{7A53A210-A785-4C70-9363-F737BE259446}"
EndProject
Project("{FAE04EC0-301F-11D3-BF4B-00C04F79EFBC}") = "FLYNOBORDERS.SelfB2B.Entities", "FLYNOBORDERS.SelfB2B.Entities\FLYNOBORDERS.SelfB2B.Entities.csproj", "{383C880E-1459-4713-BA42-C4DCADA1C9A0}"
EndProject
Project("{FAE04EC0-301F-11D3-BF4B-00C04F79EFBC}") = "FLYNOBORDERS.SelfB2B.Data", "FLYNOBORDERS.SelfB2B.Data\FLYNOBORDERS.SelfB2B.Data.csproj", "{C9D9CCB1-A90F-4D3A-A1D4-96471DE5D14B}"
EndProject
Project("{FAE04EC0-301F-11D3-BF4B-00C04F79EFBC}") = "FLYNOBORDERS.SelfB2B.Framework", "FLYNOBORDERS.SelfB2B.Framework\FLYNOBORDERS.SelfB2B.Framework.csproj", "{274456B8-2427-4F83-AEBF-6C6965B2558B}"
EndProject
Project("{FAE04EC0-301F-11D3-BF4B-00C04F79EFBC}") = "FLYNOBORDERS.SelfB2B.Repo", "FLYNOBORDERS.SelfB2B.Repo\FLYNOBORDERS.SelfB2B.Repo.csproj", "{380D0BF2-E011-489B-9976-7F35BAAE1285}"
EndProject
Project("{FAE04EC0-301F-11D3-BF4B-00C04F79EFBC}") = "FLYNOBORDERS.SelfB2B.Model", "FLYNOBORDERS.SelfB2B.Model\FLYNOBORDERS.SelfB2B.Model.csproj", "{BDACC385-0EAF-4C6C-BA64-527BD22756E0}"
EndProject
Project("{FAE04EC0-301F-11D3-BF4B-00C04F79EFBC}") = "FLYNOBORDERS.SelfB2B.Web.Framework", "FLYNOBORDERS.SelfB2B.Web.Framework\FLYNOBORDERS.SelfB2B.Web.Framework.csproj", "{D54488FB-9398-4258-832A-40015AAC01AC}"
EndProject
Global
	GlobalSection(SolutionConfigurationPlatforms) = preSolution
		Debug|Any CPU = Debug|Any CPU
		Release|Any CPU = Release|Any CPU
	EndGlobalSection
	GlobalSection(ProjectConfigurationPlatforms) = postSolution
		{3320E55C-A9E1-4763-B874-A1FFDFF6AB54}.Debug|Any CPU.ActiveCfg = Debug|Any CPU
		{3320E55C-A9E1-4763-B874-A1FFDFF6AB54}.Debug|Any CPU.Build.0 = Debug|Any CPU
		{3320E55C-A9E1-4763-B874-A1FFDFF6AB54}.Release|Any CPU.ActiveCfg = Release|Any CPU
		{3320E55C-A9E1-4763-B874-A1FFDFF6AB54}.Release|Any CPU.Build.0 = Release|Any CPU
		{383C880E-1459-4713-BA42-C4DCADA1C9A0}.Debug|Any CPU.ActiveCfg = Debug|Any CPU
		{383C880E-1459-4713-BA42-C4DCADA1C9A0}.Debug|Any CPU.Build.0 = Debug|Any CPU
		{383C880E-1459-4713-BA42-C4DCADA1C9A0}.Release|Any CPU.ActiveCfg = Release|Any CPU
		{383C880E-1459-4713-BA42-C4DCADA1C9A0}.Release|Any CPU.Build.0 = Release|Any CPU
		{C9D9CCB1-A90F-4D3A-A1D4-96471DE5D14B}.Debug|Any CPU.ActiveCfg = Debug|Any CPU
		{C9D9CCB1-A90F-4D3A-A1D4-96471DE5D14B}.Debug|Any CPU.Build.0 = Debug|Any CPU
		{C9D9CCB1-A90F-4D3A-A1D4-96471DE5D14B}.Release|Any CPU.ActiveCfg = Release|Any CPU
		{C9D9CCB1-A90F-4D3A-A1D4-96471DE5D14B}.Release|Any CPU.Build.0 = Release|Any CPU
		{274456B8-2427-4F83-AEBF-6C6965B2558B}.Debug|Any CPU.ActiveCfg = Debug|Any CPU
		{274456B8-2427-4F83-AEBF-6C6965B2558B}.Debug|Any CPU.Build.0 = Debug|Any CPU
		{274456B8-2427-4F83-AEBF-6C6965B2558B}.Release|Any CPU.ActiveCfg = Release|Any CPU
		{274456B8-2427-4F83-AEBF-6C6965B2558B}.Release|Any CPU.Build.0 = Release|Any CPU
		{380D0BF2-E011-489B-9976-7F35BAAE1285}.Debug|Any CPU.ActiveCfg = Debug|Any CPU
		{380D0BF2-E011-489B-9976-7F35BAAE1285}.Debug|Any CPU.Build.0 = Debug|Any CPU
		{380D0BF2-E011-489B-9976-7F35BAAE1285}.Release|Any CPU.ActiveCfg = Release|Any CPU
		{380D0BF2-E011-489B-9976-7F35BAAE1285}.Release|Any CPU.Build.0 = Release|Any CPU
		{BDACC385-0EAF-4C6C-BA64-527BD22756E0}.Debug|Any CPU.ActiveCfg = Debug|Any CPU
		{BDACC385-0EAF-4C6C-BA64-527BD22756E0}.Debug|Any CPU.Build.0 = Debug|Any CPU
		{BDACC385-0EAF-4C6C-BA64-527BD22756E0}.Release|Any CPU.ActiveCfg = Release|Any CPU
		{BDACC385-0EAF-4C6C-BA64-527BD22756E0}.Release|Any CPU.Build.0 = Release|Any CPU
		{D54488FB-9398-4258-832A-40015AAC01AC}.Debug|Any CPU.ActiveCfg = Debug|Any CPU
		{D54488FB-9398-4258-832A-40015AAC01AC}.Debug|Any CPU.Build.0 = Debug|Any CPU
		{D54488FB-9398-4258-832A-40015AAC01AC}.Release|Any CPU.ActiveCfg = Release|Any CPU
		{D54488FB-9398-4258-832A-40015AAC01AC}.Release|Any CPU.Build.0 = Release|Any CPU
	EndGlobalSection
	GlobalSection(SolutionProperties) = preSolution
		HideSolutionNode = FALSE
	EndGlobalSection
	GlobalSection(NestedProjects) = preSolution
		{3320E55C-A9E1-4763-B874-A1FFDFF6AB54} = {3D2BB03D-CD6A-4EA4-A6BD-DC6893F5469B}
		{383C880E-1459-4713-BA42-C4DCADA1C9A0} = {FD0B8F60-6E7A-4D9F-91DB-90398564052C}
		{C9D9CCB1-A90F-4D3A-A1D4-96471DE5D14B} = {FD0B8F60-6E7A-4D9F-91DB-90398564052C}
		{274456B8-2427-4F83-AEBF-6C6965B2558B} = {7A53A210-A785-4C70-9363-F737BE259446}
		{380D0BF2-E011-489B-9976-7F35BAAE1285} = {204121F4-1EF5-4033-8B73-A6FB9283BC98}
		{BDACC385-0EAF-4C6C-BA64-527BD22756E0} = {7A53A210-A785-4C70-9363-F737BE259446}
		{D54488FB-9398-4258-832A-40015AAC01AC} = {3D2BB03D-CD6A-4EA4-A6BD-DC6893F5469B}
	EndGlobalSection
EndGlobal
